
Microsoft Visual Studio Solution File, Format Version 12.00
# Visual Studio 14
VisualStudioVersion = 14.0.25420.1
MinimumVisualStudioVersion = 10.0.40219.1
Project("{FAE04EC0-301F-11D3-BF4B-00C04F79EFBC}") = "EncryptAndDecodeServer", "EncryptAndDecodeServer\EncryptAndDecodeServer.csproj", "{2561076C-6C4B-47F2-879D-6BC10E149333}"
EndProject
Project("{FAE04EC0-301F-11D3-BF4B-00C04F79EFBC}") = "FileServer", "FileServer\FileServer.csproj", "{FCF82CBA-AA15-433D-A5B0-8534FF7B62D7}"
EndProject
Project("{FAE04EC0-301F-11D3-BF4B-00C04F79EFBC}") = "PassWordBooks", "PassWordBooks\PassWordBooks.csproj", "{E6DE2CE9-1D20-428A-8AEB-64E22F7DF9B1}"
EndProject
Project("{FAE04EC0-301F-11D3-BF4B-00C04F79EFBC}") = "PhoneServer", "PhoneServer\PhoneServer.csproj", "{C692ABEA-235C-4355-BC50-3A021875EB03}"
EndProject
Project("{FAE04EC0-301F-11D3-BF4B-00C04F79EFBC}") = "PhysicsServer", "PhysicsServer\PhysicsServer.csproj", "{0971911C-62D5-46AE-9FD0-CD9FE7044360}"
EndProject
Project("{FAE04EC0-301F-11D3-BF4B-00C04F79EFBC}") = "PassWordBooksView", "PassWordBooksView\PassWordBooksView.csproj", "{56186289-8482-43A8-AD37-6BAD7E44F41A}"
EndProject
Project("{FAE04EC0-301F-11D3-BF4B-00C04F79EFBC}") = "Log4", "Log4\Log4.csproj", "{CEEA9CE3-31F2-4520-9874-579754C12205}"
EndProject
Project("{FAE04EC0-301F-11D3-BF4B-00C04F79EFBC}") = "PassWordBooksWinFrom", "PassWordBooksWinFrom\PassWordBooksWinFrom.csproj", "{90B84945-DC27-459D-8EF0-8F559AA3F59E}"
EndProject
Project("{FAE04EC0-301F-11D3-BF4B-00C04F79EFBC}") = "EmailServer", "EmailServer\EmailServer.csproj", "{A22109A1-1683-4F93-A0A9-73FF441E103D}"
EndProject
Global
	GlobalSection(SolutionConfigurationPlatforms) = preSolution
		Debug|Any CPU = Debug|Any CPU
		Release|Any CPU = Release|Any CPU
	EndGlobalSection
	GlobalSection(ProjectConfigurationPlatforms) = postSolution
		{2561076C-6C4B-47F2-879D-6BC10E149333}.Debug|Any CPU.ActiveCfg = Debug|Any CPU
		{2561076C-6C4B-47F2-879D-6BC10E149333}.Debug|Any CPU.Build.0 = Debug|Any CPU
		{2561076C-6C4B-47F2-879D-6BC10E149333}.Release|Any CPU.ActiveCfg = Release|Any CPU
		{2561076C-6C4B-47F2-879D-6BC10E149333}.Release|Any CPU.Build.0 = Release|Any CPU
		{FCF82CBA-AA15-433D-A5B0-8534FF7B62D7}.Debug|Any CPU.ActiveCfg = Debug|Any CPU
		{FCF82CBA-AA15-433D-A5B0-8534FF7B62D7}.Debug|Any CPU.Build.0 = Debug|Any CPU
		{FCF82CBA-AA15-433D-A5B0-8534FF7B62D7}.Release|Any CPU.ActiveCfg = Release|Any CPU
		{FCF82CBA-AA15-433D-A5B0-8534FF7B62D7}.Release|Any CPU.Build.0 = Release|Any CPU
		{E6DE2CE9-1D20-428A-8AEB-64E22F7DF9B1}.Debug|Any CPU.ActiveCfg = Debug|Any CPU
		{E6DE2CE9-1D20-428A-8AEB-64E22F7DF9B1}.Debug|Any CPU.Build.0 = Debug|Any CPU
		{E6DE2CE9-1D20-428A-8AEB-64E22F7DF9B1}.Release|Any CPU.ActiveCfg = Release|Any CPU
		{E6DE2CE9-1D20-428A-8AEB-64E22F7DF9B1}.Release|Any CPU.Build.0 = Release|Any CPU
		{C692ABEA-235C-4355-BC50-3A021875EB03}.Debug|Any CPU.ActiveCfg = Debug|Any CPU
		{C692ABEA-235C-4355-BC50-3A021875EB03}.Debug|Any CPU.Build.0 = Debug|Any CPU
		{C692ABEA-235C-4355-BC50-3A021875EB03}.Release|Any CPU.ActiveCfg = Release|Any CPU
		{C692ABEA-235C-4355-BC50-3A021875EB03}.Release|Any CPU.Build.0 = Release|Any CPU
		{0971911C-62D5-46AE-9FD0-CD9FE7044360}.Debug|Any CPU.ActiveCfg = Debug|Any CPU
		{0971911C-62D5-46AE-9FD0-CD9FE7044360}.Debug|Any CPU.Build.0 = Debug|Any CPU
		{0971911C-62D5-46AE-9FD0-CD9FE7044360}.Release|Any CPU.ActiveCfg = Release|Any CPU
		{0971911C-62D5-46AE-9FD0-CD9FE7044360}.Release|Any CPU.Build.0 = Release|Any CPU
		{56186289-8482-43A8-AD37-6BAD7E44F41A}.Debug|Any CPU.ActiveCfg = Debug|Any CPU
		{56186289-8482-43A8-AD37-6BAD7E44F41A}.Debug|Any CPU.Build.0 = Debug|Any CPU
		{56186289-8482-43A8-AD37-6BAD7E44F41A}.Release|Any CPU.ActiveCfg = Release|Any CPU
		{56186289-8482-43A8-AD37-6BAD7E44F41A}.Release|Any CPU.Build.0 = Release|Any CPU
		{CEEA9CE3-31F2-4520-9874-579754C12205}.Debug|Any CPU.ActiveCfg = Debug|Any CPU
		{CEEA9CE3-31F2-4520-9874-579754C12205}.Debug|Any CPU.Build.0 = Debug|Any CPU
		{CEEA9CE3-31F2-4520-9874-579754C12205}.Release|Any CPU.ActiveCfg = Release|Any CPU
		{CEEA9CE3-31F2-4520-9874-579754C12205}.Release|Any CPU.Build.0 = Release|Any CPU
		{90B84945-DC27-459D-8EF0-8F559AA3F59E}.Debug|Any CPU.ActiveCfg = Debug|Any CPU
		{90B84945-DC27-459D-8EF0-8F559AA3F59E}.Debug|Any CPU.Build.0 = Debug|Any CPU
		{90B84945-DC27-459D-8EF0-8F559AA3F59E}.Release|Any CPU.ActiveCfg = Release|Any CPU
		{90B84945-DC27-459D-8EF0-8F559AA3F59E}.Release|Any CPU.Build.0 = Release|Any CPU
		{A22109A1-1683-4F93-A0A9-73FF441E103D}.Debug|Any CPU.ActiveCfg = Debug|Any CPU
		{A22109A1-1683-4F93-A0A9-73FF441E103D}.Debug|Any CPU.Build.0 = Debug|Any CPU
		{A22109A1-1683-4F93-A0A9-73FF441E103D}.Release|Any CPU.ActiveCfg = Release|Any CPU
		{A22109A1-1683-4F93-A0A9-73FF441E103D}.Release|Any CPU.Build.0 = Release|Any CPU
	EndGlobalSection
	GlobalSection(SolutionProperties) = preSolution
		HideSolutionNode = FALSE
	EndGlobalSection
EndGlobal
